
Microsoft Visual Studio Solution File, Format Version 11.00
# Visual Studio 2010
Project("{FAE04EC0-301F-11D3-BF4B-00C04F79EFBC}") = "WpfPrintDemo", "WpfPrintDemo.csproj", "{86944762-C446-42AC-9957-9941A5F24E03}"
EndProject
Global
	GlobalSection(SolutionConfigurationPlatforms) = preSolution
		Debug|x86 = Debug|x86
		Release|x86 = Release|x86
	EndGlobalSection
	GlobalSection(ProjectConfigurationPlatforms) = postSolution
		{86944762-C446-42AC-9957-9941A5F24E03}.Debug|x86.ActiveCfg = Debug|x86
		{86944762-C446-42AC-9957-9941A5F24E03}.Debug|x86.Build.0 = Debug|x86
		{86944762-C446-42AC-9957-9941A5F24E03}.Release|x86.ActiveCfg = Release|x86
		{86944762-C446-42AC-9957-9941A5F24E03}.Release|x86.Build.0 = Release|x86
	EndGlobalSection
	GlobalSection(SolutionProperties) = preSolution
		HideSolutionNode = FALSE
	EndGlobalSection
EndGlobal
